
Microsoft Visual Studio Solution File, Format Version 12.00
# Visual Studio Version 17
VisualStudioVersion = 17.0.31903.59
MinimumVisualStudioVersion = 10.0.40219.1
Project("{2150E333-8FDC-42A3-9474-1A3956D46DE8}") = "src", "src", "{FEED2014-A199-4116-97F4-A56A3642CD28}"
EndProject
Project("{2150E333-8FDC-42A3-9474-1A3956D46DE8}") = "Backend", "Backend", "{AE4301B3-8E2B-45D1-90C9-966975CACA16}"
EndProject
Project("{FAE04EC0-301F-11D3-BF4B-00C04F79EFBC}") = "AuthCore.Api", "src\Backend\AuthCore.Api\AuthCore.Api.csproj", "{5DD89D14-7AE2-4AEF-8C94-FCE745CF799E}"
EndProject
Project("{FAE04EC0-301F-11D3-BF4B-00C04F79EFBC}") = "AuthCore.Application", "src\Backend\AuthCore.Application\AuthCore.Application.csproj", "{3627EB76-9E35-4E33-977A-13B73A017B6F}"
EndProject
Project("{FAE04EC0-301F-11D3-BF4B-00C04F79EFBC}") = "AuthCore.Domain", "src\Backend\AuthCore.Domain\AuthCore.Domain.csproj", "{7BA9790B-99C9-458A-B2C0-8EB849FBAE87}"
EndProject
Project("{FAE04EC0-301F-11D3-BF4B-00C04F79EFBC}") = "AuthCore.Infrastructure", "src\Backend\AuthCore.Infrastructure\AuthCore.Infrastructure.csproj", "{59F430C2-C637-4DF8-93BE-6167B9388E67}"
EndProject
Global
	GlobalSection(SolutionConfigurationPlatforms) = preSolution
		Debug|Any CPU = Debug|Any CPU
		Release|Any CPU = Release|Any CPU
	EndGlobalSection
	GlobalSection(SolutionProperties) = preSolution
		HideSolutionNode = FALSE
	EndGlobalSection
	GlobalSection(ProjectConfigurationPlatforms) = postSolution
		{5DD89D14-7AE2-4AEF-8C94-FCE745CF799E}.Debug|Any CPU.ActiveCfg = Debug|Any CPU
		{5DD89D14-7AE2-4AEF-8C94-FCE745CF799E}.Debug|Any CPU.Build.0 = Debug|Any CPU
		{5DD89D14-7AE2-4AEF-8C94-FCE745CF799E}.Release|Any CPU.ActiveCfg = Release|Any CPU
		{5DD89D14-7AE2-4AEF-8C94-FCE745CF799E}.Release|Any CPU.Build.0 = Release|Any CPU
		{3627EB76-9E35-4E33-977A-13B73A017B6F}.Debug|Any CPU.ActiveCfg = Debug|Any CPU
		{3627EB76-9E35-4E33-977A-13B73A017B6F}.Debug|Any CPU.Build.0 = Debug|Any CPU
		{3627EB76-9E35-4E33-977A-13B73A017B6F}.Release|Any CPU.ActiveCfg = Release|Any CPU
		{3627EB76-9E35-4E33-977A-13B73A017B6F}.Release|Any CPU.Build.0 = Release|Any CPU
		{7BA9790B-99C9-458A-B2C0-8EB849FBAE87}.Debug|Any CPU.ActiveCfg = Debug|Any CPU
		{7BA9790B-99C9-458A-B2C0-8EB849FBAE87}.Debug|Any CPU.Build.0 = Debug|Any CPU
		{7BA9790B-99C9-458A-B2C0-8EB849FBAE87}.Release|Any CPU.ActiveCfg = Release|Any CPU
		{7BA9790B-99C9-458A-B2C0-8EB849FBAE87}.Release|Any CPU.Build.0 = Release|Any CPU
		{59F430C2-C637-4DF8-93BE-6167B9388E67}.Debug|Any CPU.ActiveCfg = Debug|Any CPU
		{59F430C2-C637-4DF8-93BE-6167B9388E67}.Debug|Any CPU.Build.0 = Debug|Any CPU
		{59F430C2-C637-4DF8-93BE-6167B9388E67}.Release|Any CPU.ActiveCfg = Release|Any CPU
		{59F430C2-C637-4DF8-93BE-6167B9388E67}.Release|Any CPU.Build.0 = Release|Any CPU
	EndGlobalSection
	GlobalSection(NestedProjects) = preSolution
		{AE4301B3-8E2B-45D1-90C9-966975CACA16} = {FEED2014-A199-4116-97F4-A56A3642CD28}
		{5DD89D14-7AE2-4AEF-8C94-FCE745CF799E} = {AE4301B3-8E2B-45D1-90C9-966975CACA16}
		{3627EB76-9E35-4E33-977A-13B73A017B6F} = {AE4301B3-8E2B-45D1-90C9-966975CACA16}
		{7BA9790B-99C9-458A-B2C0-8EB849FBAE87} = {AE4301B3-8E2B-45D1-90C9-966975CACA16}
		{59F430C2-C637-4DF8-93BE-6167B9388E67} = {AE4301B3-8E2B-45D1-90C9-966975CACA16}
	EndGlobalSection
EndGlobal
